
Microsoft Visual Studio Solution File, Format Version 12.00
# Visual Studio Version 16
VisualStudioVersion = 16.0.31624.102
MinimumVisualStudioVersion = 10.0.40219.1
Project("{FAE04EC0-301F-11D3-BF4B-00C04F79EFBC}") = "SLAR", "SLAR\SLAR.csproj", "{4033BA7E-29C6-465F-8277-205DFDE57A8B}"
EndProject
Global
	GlobalSection(SolutionConfigurationPlatforms) = preSolution
		Debug|Any CPU = Debug|Any CPU
		Release|Any CPU = Release|Any CPU
	EndGlobalSection
	GlobalSection(ProjectConfigurationPlatforms) = postSolution
		{4033BA7E-29C6-465F-8277-205DFDE57A8B}.Debug|Any CPU.ActiveCfg = Debug|Any CPU
		{4033BA7E-29C6-465F-8277-205DFDE57A8B}.Debug|Any CPU.Build.0 = Debug|Any CPU
		{4033BA7E-29C6-465F-8277-205DFDE57A8B}.Release|Any CPU.ActiveCfg = Release|Any CPU
		{4033BA7E-29C6-465F-8277-205DFDE57A8B}.Release|Any CPU.Build.0 = Release|Any CPU
	EndGlobalSection
	GlobalSection(SolutionProperties) = preSolution
		HideSolutionNode = FALSE
	EndGlobalSection
	GlobalSection(ExtensibilityGlobals) = postSolution
		SolutionGuid = {1504524F-C24A-45A0-9EA1-414B6BCBA36E}
	EndGlobalSection
EndGlobal
